{
  "nodes": {
    "binary-ninja": {
      "inputs": {
        "flake-utils": [
          "flake-utils"
        ],
        "nixpkgs": [
          "nixpkgs"
        ]
      },
      "locked": {
        "lastModified": 1751312760,
        "narHash": "sha256-M42u3P7CPEJcbYoex8ZcDNubGZqnvhMAYbrlohEnIuk=",
        "owner": "ironm00n",
        "repo": "nix-binary-ninja",
        "rev": "0d8c367aa066aea04f0ae58d02fa69414fdb0d66",
        "type": "github"
      },
      "original": {
        "owner": "ironm00n",
        "repo": "nix-binary-ninja",
        "type": "github"
      }
    },
    "flake-utils": {
      "inputs": {
        "systems": [
          "systems"
        ]
      },
      "locked": {
        "lastModified": 1731533236,
        "narHash": "sha256-l0KFg5HjrsfsO/JpG+r7fRrqm12kzFHyUHqHCVpMMbI=",
        "owner": "numtide",
        "repo": "flake-utils",
        "rev": "11707dc2f618dd54ca8739b309ec4fc024de578b",
        "type": "github"
      },
      "original": {
        "owner": "numtide",
        "repo": "flake-utils",
        "type": "github"
      }
    },
    "home-manager": {
      "inputs": {
        "nixpkgs": [
          "nixpkgs"
        ]
      },
      "locked": {
        "lastModified": 1752603129,
        "narHash": "sha256-S+wmHhwNQ5Ru689L2Gu8n1OD6s9eU9n9mD827JNR+kw=",
        "owner": "nix-community",
        "repo": "home-manager",
        "rev": "e8c19a3cec2814c754f031ab3ae7316b64da085b",
        "type": "github"
      },
      "original": {
        "owner": "nix-community",
        "repo": "home-manager",
        "type": "github"
      }
    },
    "nixos-hardware": {
      "locked": {
        "lastModified": 1752666637,
        "narHash": "sha256-P8J72psdc/rWliIvp8jUpoQ6qRDlVzgSDDlgkaXQ0Fw=",
        "owner": "NixOS",
        "repo": "nixos-hardware",
        "rev": "d1bfa8f6ccfb5c383e1eba609c1eb67ca24ed153",
        "type": "github"
      },
      "original": {
        "owner": "NixOS",
        "ref": "master",
        "repo": "nixos-hardware",
        "type": "github"
      }
    },
    "nixpkgs": {
      "locked": {
        "lastModified": 1752644555,
        "narHash": "sha256-oeRcp4VEyZ/3ZgfRRoq60/08l2zy0K53l8MdfSIYd24=",
        "owner": "NixOS",
        "repo": "nixpkgs",
        "rev": "9100a4f6bf446603b9575927c8585162f9ec9aa6",
        "type": "github"
      },
      "original": {
        "owner": "NixOS",
        "ref": "nixos-unstable-small",
        "repo": "nixpkgs",
        "type": "github"
      }
    },
    "nixpkgs-24_11": {
      "locked": {
        "lastModified": 1751274312,
        "narHash": "sha256-/bVBlRpECLVzjV19t5KMdMFWSwKLtb5RyXdjz3LJT+g=",
        "owner": "nixos",
        "repo": "nixpkgs",
        "rev": "50ab793786d9de88ee30ec4e4c24fb4236fc2674",
        "type": "github"
      },
      "original": {
        "owner": "nixos",
        "ref": "nixos-24.11",
        "repo": "nixpkgs",
        "type": "github"
      }
    },
    "nixpkgs-stable": {
      "locked": {
        "lastModified": 1752620740,
        "narHash": "sha256-f3pO+9lg66mV7IMmmIqG4PL3223TYMlnlw+pnpelbss=",
        "owner": "nixos",
        "repo": "nixpkgs",
        "rev": "32a4e87942101f1c9f9865e04dc3ddb175f5f32e",
        "type": "github"
      },
      "original": {
        "owner": "nixos",
        "ref": "nixos-25.05",
        "repo": "nixpkgs",
        "type": "github"
      }
    },
    "plasma-manager": {
      "inputs": {
        "home-manager": [
          "home-manager"
        ],
        "nixpkgs": [
          "nixpkgs"
        ]
      },
      "locked": {
        "lastModified": 1748196248,
        "narHash": "sha256-1iHjsH6/5UOerJEoZKE+Gx1BgAoge/YcnUsOA4wQ/BU=",
        "owner": "nix-community",
        "repo": "plasma-manager",
        "rev": "b7697abe89967839b273a863a3805345ea54ab56",
        "type": "github"
      },
      "original": {
        "owner": "nix-community",
        "repo": "plasma-manager",
        "type": "github"
      }
    },
    "quickshell": {
      "inputs": {
        "nixpkgs": [
          "nixpkgs"
        ]
      },
      "locked": {
        "lastModified": 1752713248,
        "narHash": "sha256-BJz3A3PCGfAUAOya0flZjiS7TxoPt/mbBnhkzwE4Ad8=",
        "ref": "refs/heads/master",
        "rev": "78e3874ac67a570abf9c800bdac3250b44dd3844",
        "revCount": 640,
        "type": "git",
        "url": "https://git.outfoxxed.me/outfoxxed/quickshell"
      },
      "original": {
        "type": "git",
        "url": "https://git.outfoxxed.me/outfoxxed/quickshell"
      }
    },
    "root": {
      "inputs": {
        "binary-ninja": "binary-ninja",
        "flake-utils": "flake-utils",
        "home-manager": "home-manager",
        "nixos-hardware": "nixos-hardware",
        "nixpkgs": "nixpkgs",
        "nixpkgs-24_11": "nixpkgs-24_11",
        "nixpkgs-stable": "nixpkgs-stable",
        "plasma-manager": "plasma-manager",
        "quickshell": "quickshell",
        "systems": "systems",
        "treefmt-nix": "treefmt-nix"
      }
    },
    "systems": {
      "locked": {
        "lastModified": 1681028828,
        "narHash": "sha256-Vy1rq5AaRuLzOxct8nz4T6wlgyUR7zLU309k9mBC768=",
        "owner": "nix-systems",
        "repo": "default",
        "rev": "da67096a3b9bf56a91d16901293e51ba5b49a27e",
        "type": "github"
      },
      "original": {
        "owner": "nix-systems",
        "repo": "default",
        "type": "github"
      }
    },
    "treefmt-nix": {
      "inputs": {
        "nixpkgs": [
          "nixpkgs"
        ]
      },
      "locked": {
        "lastModified": 1752055615,
        "narHash": "sha256-19m7P4O/Aw/6+CzncWMAJu89JaKeMh3aMle1CNQSIwM=",
        "owner": "numtide",
        "repo": "treefmt-nix",
        "rev": "c9d477b5d5bd7f26adddd3f96cfd6a904768d4f9",
        "type": "github"
      },
      "original": {
        "owner": "numtide",
        "repo": "treefmt-nix",
        "type": "github"
      }
    }
  },
  "root": "root",
  "version": 7
}
