{
  "nodes": {
    "binary-ninja": {
      "inputs": {
        "flake-utils": [
          "flake-utils"
        ],
        "nixpkgs": [
          "nixpkgs"
        ]
      },
      "locked": {
        "lastModified": 1751312760,
        "narHash": "sha256-M42u3P7CPEJcbYoex8ZcDNubGZqnvhMAYbrlohEnIuk=",
        "owner": "ironm00n",
        "repo": "nix-binary-ninja",
        "rev": "0d8c367aa066aea04f0ae58d02fa69414fdb0d66",
        "type": "github"
      },
      "original": {
        "owner": "ironm00n",
        "repo": "nix-binary-ninja",
        "type": "github"
      }
    },
    "flake-utils": {
      "inputs": {
        "systems": [
          "systems"
        ]
      },
      "locked": {
        "lastModified": 1731533236,
        "narHash": "sha256-l0KFg5HjrsfsO/JpG+r7fRrqm12kzFHyUHqHCVpMMbI=",
        "owner": "numtide",
        "repo": "flake-utils",
        "rev": "11707dc2f618dd54ca8739b309ec4fc024de578b",
        "type": "github"
      },
      "original": {
        "owner": "numtide",
        "repo": "flake-utils",
        "type": "github"
      }
    },
    "home-manager": {
      "inputs": {
        "nixpkgs": [
          "nixpkgs"
        ]
      },
      "locked": {
        "lastModified": 1755755322,
        "narHash": "sha256-spCxkNihCk3uT3LUrUwzdEAjLA/E0EtEgF3KVI05nlM=",
        "owner": "nix-community",
        "repo": "home-manager",
        "rev": "282b4c98de97da6667cb03de4f427371734bc39c",
        "type": "github"
      },
      "original": {
        "owner": "nix-community",
        "repo": "home-manager",
        "type": "github"
      }
    },
    "nixos-hardware": {
      "locked": {
        "lastModified": 1755330281,
        "narHash": "sha256-aJHFJWP9AuI8jUGzI77LYcSlkA9wJnOIg4ZqftwNGXA=",
        "owner": "NixOS",
        "repo": "nixos-hardware",
        "rev": "3dac8a872557e0ca8c083cdcfc2f218d18e113b0",
        "type": "github"
      },
      "original": {
        "owner": "NixOS",
        "ref": "master",
        "repo": "nixos-hardware",
        "type": "github"
      }
    },
    "nixpkgs": {
      "locked": {
        "lastModified": 1755615617,
        "narHash": "sha256-HMwfAJBdrr8wXAkbGhtcby1zGFvs+StOp19xNsbqdOg=",
        "owner": "NixOS",
        "repo": "nixpkgs",
        "rev": "20075955deac2583bb12f07151c2df830ef346b4",
        "type": "github"
      },
      "original": {
        "owner": "NixOS",
        "ref": "nixos-unstable",
        "repo": "nixpkgs",
        "type": "github"
      }
    },
    "nixpkgs-24_11": {
      "locked": {
        "lastModified": 1751274312,
        "narHash": "sha256-/bVBlRpECLVzjV19t5KMdMFWSwKLtb5RyXdjz3LJT+g=",
        "owner": "nixos",
        "repo": "nixpkgs",
        "rev": "50ab793786d9de88ee30ec4e4c24fb4236fc2674",
        "type": "github"
      },
      "original": {
        "owner": "nixos",
        "ref": "nixos-24.11",
        "repo": "nixpkgs",
        "type": "github"
      }
    },
    "nixpkgs-stable": {
      "locked": {
        "lastModified": 1755704039,
        "narHash": "sha256-gKlP0LbyJ3qX0KObfIWcp5nbuHSb5EHwIvU6UcNBg2A=",
        "owner": "nixos",
        "repo": "nixpkgs",
        "rev": "9cb344e96d5b6918e94e1bca2d9f3ea1e9615545",
        "type": "github"
      },
      "original": {
        "owner": "nixos",
        "ref": "nixos-25.05",
        "repo": "nixpkgs",
        "type": "github"
      }
    },
    "plasma-manager": {
      "inputs": {
        "home-manager": [
          "home-manager"
        ],
        "nixpkgs": [
          "nixpkgs"
        ]
      },
      "locked": {
        "lastModified": 1754501628,
        "narHash": "sha256-FExJ54tVB5iu7Dh2tLcyCSWpaV+lmUzzWKZUkemwXvo=",
        "owner": "nix-community",
        "repo": "plasma-manager",
        "rev": "cca090f8115c4172b9aef6c5299ae784bdd5e133",
        "type": "github"
      },
      "original": {
        "owner": "nix-community",
        "repo": "plasma-manager",
        "type": "github"
      }
    },
    "quickshell": {
      "inputs": {
        "nixpkgs": [
          "nixpkgs"
        ]
      },
      "locked": {
        "lastModified": 1753595452,
        "narHash": "sha256-vqkSDvh7hWhPvNjMjEDV4KbSCv2jyl2Arh73ZXe274k=",
        "ref": "refs/heads/master",
        "rev": "a5431dd02dc23d9ef1680e67777fed00fe5f7cda",
        "revCount": 665,
        "type": "git",
        "url": "https://git.outfoxxed.me/quickshell/quickshell"
      },
      "original": {
        "type": "git",
        "url": "https://git.outfoxxed.me/quickshell/quickshell"
      }
    },
    "root": {
      "inputs": {
        "binary-ninja": "binary-ninja",
        "flake-utils": "flake-utils",
        "home-manager": "home-manager",
        "nixos-hardware": "nixos-hardware",
        "nixpkgs": "nixpkgs",
        "nixpkgs-24_11": "nixpkgs-24_11",
        "nixpkgs-stable": "nixpkgs-stable",
        "plasma-manager": "plasma-manager",
        "quickshell": "quickshell",
        "systems": "systems",
        "treefmt-nix": "treefmt-nix"
      }
    },
    "systems": {
      "locked": {
        "lastModified": 1681028828,
        "narHash": "sha256-Vy1rq5AaRuLzOxct8nz4T6wlgyUR7zLU309k9mBC768=",
        "owner": "nix-systems",
        "repo": "default",
        "rev": "da67096a3b9bf56a91d16901293e51ba5b49a27e",
        "type": "github"
      },
      "original": {
        "owner": "nix-systems",
        "repo": "default",
        "type": "github"
      }
    },
    "treefmt-nix": {
      "inputs": {
        "nixpkgs": [
          "nixpkgs"
        ]
      },
      "locked": {
        "lastModified": 1754847726,
        "narHash": "sha256-2vX8QjO5lRsDbNYvN9hVHXLU6oMl+V/PsmIiJREG4rE=",
        "owner": "numtide",
        "repo": "treefmt-nix",
        "rev": "7d81f6fb2e19bf84f1c65135d1060d829fae2408",
        "type": "github"
      },
      "original": {
        "owner": "numtide",
        "repo": "treefmt-nix",
        "type": "github"
      }
    }
  },
  "root": "root",
  "version": 7
}
